
Microsoft Visual Studio Solution File, Format Version 12.00
# Visual Studio Version 17
VisualStudioVersion = 17.11.35327.3
MinimumVisualStudioVersion = 10.0.40219.1
Project("{FAE04EC0-301F-11D3-BF4B-00C04F79EFBC}") = "T1_YEPEZ_MARIA", "T1_YEPEZ_MARIA\T1_YEPEZ_MARIA.csproj", "{EE0AF53F-2455-4B2B-A324-32352D2FC754}"
EndProject
Global
	GlobalSection(SolutionConfigurationPlatforms) = preSolution
		Debug|Any CPU = Debug|Any CPU
		Release|Any CPU = Release|Any CPU
	EndGlobalSection
	GlobalSection(ProjectConfigurationPlatforms) = postSolution
		{EE0AF53F-2455-4B2B-A324-32352D2FC754}.Debug|Any CPU.ActiveCfg = Debug|Any CPU
		{EE0AF53F-2455-4B2B-A324-32352D2FC754}.Debug|Any CPU.Build.0 = Debug|Any CPU
		{EE0AF53F-2455-4B2B-A324-32352D2FC754}.Release|Any CPU.ActiveCfg = Release|Any CPU
		{EE0AF53F-2455-4B2B-A324-32352D2FC754}.Release|Any CPU.Build.0 = Release|Any CPU
	EndGlobalSection
	GlobalSection(SolutionProperties) = preSolution
		HideSolutionNode = FALSE
	EndGlobalSection
	GlobalSection(ExtensibilityGlobals) = postSolution
		SolutionGuid = {1984C54F-6202-4D9C-92CB-63DD577EA729}
	EndGlobalSection
EndGlobal
